// !$*UTF8*$!
{
	archiveVersion = 1;
	classes = {
	};
	objectVersion = 50;
	objects = {

/* Begin PBXBuildFile section */
		0B4C99652203E9FD00F9332D /* AppDelegate.swift in Sources */ = {isa = PBXBuildFile; fileRef = 0B4C99642203E9FD00F9332D /* AppDelegate.swift */; };
		0B4C99672203E9FD00F9332D /* ViewController.swift in Sources */ = {isa = PBXBuildFile; fileRef = 0B4C99662203E9FD00F9332D /* ViewController.swift */; };
		0B4C996A2203E9FD00F9332D /* Main.storyboard in Resources */ = {isa = PBXBuildFile; fileRef = 0B4C99682203E9FD00F9332D /* Main.storyboard */; };
		0B4C996C2203E9FE00F9332D /* Assets.xcassets in Resources */ = {isa = PBXBuildFile; fileRef = 0B4C996B2203E9FE00F9332D /* Assets.xcassets */; };
		0B4C996F2203E9FE00F9332D /* LaunchScreen.storyboard in Resources */ = {isa = PBXBuildFile; fileRef = 0B4C996D2203E9FE00F9332D /* LaunchScreen.storyboard */; };
		0B4C997A2203E9FE00F9332D /* L4S_03_ItsuDareGameTests.swift in Sources */ = {isa = PBXBuildFile; fileRef = 0B4C99792203E9FE00F9332D /* L4S_03_ItsuDareGameTests.swift */; };
		0B4C99852203E9FE00F9332D /* L4S_03_ItsuDareGameUITests.swift in Sources */ = {isa = PBXBuildFile; fileRef = 0B4C99842203E9FE00F9332D /* L4S_03_ItsuDareGameUITests.swift */; };
/* End PBXBuildFile section */

/* Begin PBXContainerItemProxy section */
		0B4C99762203E9FE00F9332D /* PBXContainerItemProxy */ = {
			isa = PBXContainerItemProxy;
			containerPortal = 0B4C99592203E9FD00F9332D /* Project object */;
			proxyType = 1;
			remoteGlobalIDString = 0B4C99602203E9FD00F9332D;
			remoteInfo = L4S_03_ItsuDareGame;
		};
		0B4C99812203E9FE00F9332D /* PBXContainerItemProxy */ = {
			isa = PBXContainerItemProxy;
			containerPortal = 0B4C99592203E9FD00F9332D /* Project object */;
			proxyType = 1;
			remoteGlobalIDString = 0B4C99602203E9FD00F9332D;
			remoteInfo = L4S_03_ItsuDareGame;
		};
/* End PBXContainerItemProxy section */

/* Begin PBXFileReference section */
		0B4C99612203E9FD00F9332D /* L4S_03_ItsuDareGame.app */ = {isa = PBXFileReference; explicitFileType = wrapper.application; includeInIndex = 0; path = L4S_03_ItsuDareGame.app; sourceTree = BUILT_PRODUCTS_DIR; };
		0B4C99642203E9FD00F9332D /* AppDelegate.swift */ = {isa = PBXFileReference; lastKnownFileType = sourcecode.swift; path = AppDelegate.swift; sourceTree = "<group>"; };
		0B4C99662203E9FD00F9332D /* ViewController.swift */ = {isa = PBXFileReference; lastKnownFileType = sourcecode.swift; path = ViewController.swift; sourceTree = "<group>"; };
		0B4C99692203E9FD00F9332D /* Base */ = {isa = PBXFileReference; lastKnownFileType = file.storyboard; name = Base; path = Base.lproj/Main.storyboard; sourceTree = "<group>"; };
		0B4C996B2203E9FE00F9332D /* Assets.xcassets */ = {isa = PBXFileReference; lastKnownFileType = folder.assetcatalog; path = Assets.xcassets; sourceTree = "<group>"; };
		0B4C996E2203E9FE00F9332D /* Base */ = {isa = PBXFileReference; lastKnownFileType = file.storyboard; name = Base; path = Base.lproj/LaunchScreen.storyboard; sourceTree = "<group>"; };
		0B4C99702203E9FE00F9332D /* Info.plist */ = {isa = PBXFileReference; lastKnownFileType = text.plist.xml; path = Info.plist; sourceTree = "<group>"; };
		0B4C99752203E9FE00F9332D /* L4S_03_ItsuDareGameTests.xctest */ = {isa = PBXFileReference; explicitFileType = wrapper.cfbundle; includeInIndex = 0; path = L4S_03_ItsuDareGameTests.xctest; sourceTree = BUILT_PRODUCTS_DIR; };
		0B4C99792203E9FE00F9332D /* L4S_03_ItsuDareGameTests.swift */ = {isa = PBXFileReference; lastKnownFileType = sourcecode.swift; path = L4S_03_ItsuDareGameTests.swift; sourceTree = "<group>"; };
		0B4C997B2203E9FE00F9332D /* Info.plist */ = {isa = PBXFileReference; lastKnownFileType = text.plist.xml; path = Info.plist; sourceTree = "<group>"; };
		0B4C99802203E9FE00F9332D /* L4S_03_ItsuDareGameUITests.xctest */ = {isa = PBXFileReference; explicitFileType = wrapper.cfbundle; includeInIndex = 0; path = L4S_03_ItsuDareGameUITests.xctest; sourceTree = BUILT_PRODUCTS_DIR; };
		0B4C99842203E9FE00F9332D /* L4S_03_ItsuDareGameUITests.swift */ = {isa = PBXFileReference; lastKnownFileType = sourcecode.swift; path = L4S_03_ItsuDareGameUITests.swift; sourceTree = "<group>"; };
		0B4C99862203E9FE00F9332D /* Info.plist */ = {isa = PBXFileReference; lastKnownFileType = text.plist.xml; path = Info.plist; sourceTree = "<group>"; };
/* End PBXFileReference section */

/* Begin PBXFrameworksBuildPhase section */
		0B4C995E2203E9FD00F9332D /* Frameworks */ = {
			isa = PBXFrameworksBuildPhase;
			buildActionMask = 2147483647;
			files = (
			);
			runOnlyForDeploymentPostprocessing = 0;
		};
		0B4C99722203E9FE00F9332D /* Frameworks */ = {
			isa = PBXFrameworksBuildPhase;
			buildActionMask = 2147483647;
			files = (
			);
			runOnlyForDeploymentPostprocessing = 0;
		};
		0B4C997D2203E9FE00F9332D /* Frameworks */ = {
			isa = PBXFrameworksBuildPhase;
			buildActionMask = 2147483647;
			files = (
			);
			runOnlyForDeploymentPostprocessing = 0;
		};
/* End PBXFrameworksBuildPhase section */

/* Begin PBXGroup section */
		0B4C99582203E9FD00F9332D = {
			isa = PBXGroup;
			children = (
				0B4C99632203E9FD00F9332D /* L4S_03_ItsuDareGame */,
				0B4C99782203E9FE00F9332D /* L4S_03_ItsuDareGameTests */,
				0B4C99832203E9FE00F9332D /* L4S_03_ItsuDareGameUITests */,
				0B4C99622203E9FD00F9332D /* Products */,
			);
			sourceTree = "<group>";
		};
		0B4C99622203E9FD00F9332D /* Products */ = {
			isa = PBXGroup;
			children = (
				0B4C99612203E9FD00F9332D /* L4S_03_ItsuDareGame.app */,
				0B4C99752203E9FE00F9332D /* L4S_03_ItsuDareGameTests.xctest */,
				0B4C99802203E9FE00F9332D /* L4S_03_ItsuDareGameUITests.xctest */,
			);
			name = Products;
			sourceTree = "<group>";
		};
		0B4C99632203E9FD00F9332D /* L4S_03_ItsuDareGame */ = {
			isa = PBXGroup;
			children = (
				0B4C99642203E9FD00F9332D /* AppDelegate.swift */,
				0B4C99662203E9FD00F9332D /* ViewController.swift */,
				0B4C99682203E9FD00F9332D /* Main.storyboard */,
				0B4C996B2203E9FE00F9332D /* Assets.xcassets */,
				0B4C996D2203E9FE00F9332D /* LaunchScreen.storyboard */,
				0B4C99702203E9FE00F9332D /* Info.plist */,
			);
			path = L4S_03_ItsuDareGame;
			sourceTree = "<group>";
		};
		0B4C99782203E9FE00F9332D /* L4S_03_ItsuDareGameTests */ = {
			isa = PBXGroup;
			children = (
				0B4C99792203E9FE00F9332D /* L4S_03_ItsuDareGameTests.swift */,
				0B4C997B2203E9FE00F9332D /* Info.plist */,
			);
			path = L4S_03_ItsuDareGameTests;
			sourceTree = "<group>";
		};
		0B4C99832203E9FE00F9332D /* L4S_03_ItsuDareGameUITests */ = {
			isa = PBXGroup;
			children = (
				0B4C99842203E9FE00F9332D /* L4S_03_ItsuDareGameUITests.swift */,
				0B4C99862203E9FE00F9332D /* Info.plist */,
			);
			path = L4S_03_ItsuDareGameUITests;
			sourceTree = "<group>";
		};
/* End PBXGroup section */

/* Begin PBXNativeTarget section */
		0B4C99602203E9FD00F9332D /* L4S_03_ItsuDareGame */ = {
			isa = PBXNativeTarget;
			buildConfigurationList = 0B4C99892203E9FE00F9332D /* Build configuration list for PBXNativeTarget "L4S_03_ItsuDareGame" */;
			buildPhases = (
				0B4C995D2203E9FD00F9332D /* Sources */,
				0B4C995E2203E9FD00F9332D /* Frameworks */,
				0B4C995F2203E9FD00F9332D /* Resources */,
			);
			buildRules = (
			);
			dependencies = (
			);
			name = L4S_03_ItsuDareGame;
			productName = L4S_03_ItsuDareGame;
			productReference = 0B4C99612203E9FD00F9332D /* L4S_03_ItsuDareGame.app */;
			productType = "com.apple.product-type.application";
		};
		0B4C99742203E9FE00F9332D /* L4S_03_ItsuDareGameTests */ = {
			isa = PBXNativeTarget;
			buildConfigurationList = 0B4C998C2203E9FE00F9332D /* Build configuration list for PBXNativeTarget "L4S_03_ItsuDareGameTests" */;
			buildPhases = (
				0B4C99712203E9FE00F9332D /* Sources */,
				0B4C99722203E9FE00F9332D /* Frameworks */,
				0B4C99732203E9FE00F9332D /* Resources */,
			);
			buildRules = (
			);
			dependencies = (
				0B4C99772203E9FE00F9332D /* PBXTargetDependency */,
			);
			name = L4S_03_ItsuDareGameTests;
			productName = L4S_03_ItsuDareGameTests;
			productReference = 0B4C99752203E9FE00F9332D /* L4S_03_ItsuDareGameTests.xctest */;
			productType = "com.apple.product-type.bundle.unit-test";
		};
		0B4C997F2203E9FE00F9332D /* L4S_03_ItsuDareGameUITests */ = {
			isa = PBXNativeTarget;
			buildConfigurationList = 0B4C998F2203E9FE00F9332D /* Build configuration list for PBXNativeTarget "L4S_03_ItsuDareGameUITests" */;
			buildPhases = (
				0B4C997C2203E9FE00F9332D /* Sources */,
				0B4C997D2203E9FE00F9332D /* Frameworks */,
				0B4C997E2203E9FE00F9332D /* Resources */,
			);
			buildRules = (
			);
			dependencies = (
				0B4C99822203E9FE00F9332D /* PBXTargetDependency */,
			);
			name = L4S_03_ItsuDareGameUITests;
			productName = L4S_03_ItsuDareGameUITests;
			productReference = 0B4C99802203E9FE00F9332D /* L4S_03_ItsuDareGameUITests.xctest */;
			productType = "com.apple.product-type.bundle.ui-testing";
		};
/* End PBXNativeTarget section */

/* Begin PBXProject section */
		0B4C99592203E9FD00F9332D /* Project object */ = {
			isa = PBXProject;
			attributes = {
				LastSwiftUpdateCheck = 1010;
				LastUpgradeCheck = 1010;
				ORGANIZATIONNAME = ValJapan;
				TargetAttributes = {
					0B4C99602203E9FD00F9332D = {
						CreatedOnToolsVersion = 10.1;
					};
					0B4C99742203E9FE00F9332D = {
						CreatedOnToolsVersion = 10.1;
						TestTargetID = 0B4C99602203E9FD00F9332D;
					};
					0B4C997F2203E9FE00F9332D = {
						CreatedOnToolsVersion = 10.1;
						TestTargetID = 0B4C99602203E9FD00F9332D;
					};
				};
			};
			buildConfigurationList = 0B4C995C2203E9FD00F9332D /* Build configuration list for PBXProject "L4S_03_ItsuDareGame" */;
			compatibilityVersion = "Xcode 9.3";
			developmentRegion = en;
			hasScannedForEncodings = 0;
			knownRegions = (
				en,
				Base,
			);
			mainGroup = 0B4C99582203E9FD00F9332D;
			productRefGroup = 0B4C99622203E9FD00F9332D /* Products */;
			projectDirPath = "";
			projectRoot = "";
			targets = (
				0B4C99602203E9FD00F9332D /* L4S_03_ItsuDareGame */,
				0B4C99742203E9FE00F9332D /* L4S_03_ItsuDareGameTests */,
				0B4C997F2203E9FE00F9332D /* L4S_03_ItsuDareGameUITests */,
			);
		};
/* End PBXProject section */

/* Begin PBXResourcesBuildPhase section */
		0B4C995F2203E9FD00F9332D /* Resources */ = {
			isa = PBXResourcesBuildPhase;
			buildActionMask = 2147483647;
			files = (
				0B4C996F2203E9FE00F9332D /* LaunchScreen.storyboard in Resources */,
				0B4C996C2203E9FE00F9332D /* Assets.xcassets in Resources */,
				0B4C996A2203E9FD00F9332D /* Main.storyboard in Resources */,
			);
			runOnlyForDeploymentPostprocessing = 0;
		};
		0B4C99732203E9FE00F9332D /* Resources */ = {
			isa = PBXResourcesBuildPhase;
			buildActionMask = 2147483647;
			files = (
			);
			runOnlyForDeploymentPostprocessing = 0;
		};
		0B4C997E2203E9FE00F9332D /* Resources */ = {
			isa = PBXResourcesBuildPhase;
			buildActionMask = 2147483647;
			files = (
			);
			runOnlyForDeploymentPostprocessing = 0;
		};
/* End PBXResourcesBuildPhase section */

/* Begin PBXSourcesBuildPhase section */
		0B4C995D2203E9FD00F9332D /* Sources */ = {
			isa = PBXSourcesBuildPhase;
			buildActionMask = 2147483647;
			files = (
				0B4C99672203E9FD00F9332D /* ViewController.swift in Sources */,
				0B4C99652203E9FD00F9332D /* AppDelegate.swift in Sources */,
			);
			runOnlyForDeploymentPostprocessing = 0;
		};
		0B4C99712203E9FE00F9332D /* Sources */ = {
			isa = PBXSourcesBuildPhase;
			buildActionMask = 2147483647;
			files = (
				0B4C997A2203E9FE00F9332D /* L4S_03_ItsuDareGameTests.swift in Sources */,
			);
			runOnlyForDeploymentPostprocessing = 0;
		};
		0B4C997C2203E9FE00F9332D /* Sources */ = {
			isa = PBXSourcesBuildPhase;
			buildActionMask = 2147483647;
			files = (
				0B4C99852203E9FE00F9332D /* L4S_03_ItsuDareGameUITests.swift in Sources */,
			);
			runOnlyForDeploymentPostprocessing = 0;
		};
/* End PBXSourcesBuildPhase section */

/* Begin PBXTargetDependency section */
		0B4C99772203E9FE00F9332D /* PBXTargetDependency */ = {
			isa = PBXTargetDependency;
			target = 0B4C99602203E9FD00F9332D /* L4S_03_ItsuDareGame */;
			targetProxy = 0B4C99762203E9FE00F9332D /* PBXContainerItemProxy */;
		};
		0B4C99822203E9FE00F9332D /* PBXTargetDependency */ = {
			isa = PBXTargetDependency;
			target = 0B4C99602203E9FD00F9332D /* L4S_03_ItsuDareGame */;
			targetProxy = 0B4C99812203E9FE00F9332D /* PBXContainerItemProxy */;
		};
/* End PBXTargetDependency section */

/* Begin PBXVariantGroup section */
		0B4C99682203E9FD00F9332D /* Main.storyboard */ = {
			isa = PBXVariantGroup;
			children = (
				0B4C99692203E9FD00F9332D /* Base */,
			);
			name = Main.storyboard;
			sourceTree = "<group>";
		};
		0B4C996D2203E9FE00F9332D /* LaunchScreen.storyboard */ = {
			isa = PBXVariantGroup;
			children = (
				0B4C996E2203E9FE00F9332D /* Base */,
			);
			name = LaunchScreen.storyboard;
			sourceTree = "<group>";
		};
/* End PBXVariantGroup section */

/* Begin XCBuildConfiguration section */
		0B4C99872203E9FE00F9332D /* Debug */ = {
			isa = XCBuildConfiguration;
			buildSettings = {
				ALWAYS_SEARCH_USER_PATHS = NO;
				CLANG_ANALYZER_NONNULL = YES;
				CLANG_ANALYZER_NUMBER_OBJECT_CONVERSION = YES_AGGRESSIVE;
				CLANG_CXX_LANGUAGE_STANDARD = "gnu++14";
				CLANG_CXX_LIBRARY = "libc++";
				CLANG_ENABLE_MODULES = YES;
				CLANG_ENABLE_OBJC_ARC = YES;
				CLANG_ENABLE_OBJC_WEAK = YES;
				CLANG_WARN_BLOCK_CAPTURE_AUTORELEASING = YES;
				CLANG_WARN_BOOL_CONVERSION = YES;
				CLANG_WARN_COMMA = YES;
				CLANG_WARN_CONSTANT_CONVERSION = YES;
				CLANG_WARN_DEPRECATED_OBJC_IMPLEMENTATIONS = YES;
				CLANG_WARN_DIRECT_OBJC_ISA_USAGE = YES_ERROR;
				CLANG_WARN_DOCUMENTATION_COMMENTS = YES;
				CLANG_WARN_EMPTY_BODY = YES;
				CLANG_WARN_ENUM_CONVERSION = YES;
				CLANG_WARN_INFINITE_RECURSION = YES;
				CLANG_WARN_INT_CONVERSION = YES;
				CLANG_WARN_NON_LITERAL_NULL_CONVERSION = YES;
				CLANG_WARN_OBJC_IMPLICIT_RETAIN_SELF = YES;
				CLANG_WARN_OBJC_LITERAL_CONVERSION = YES;
				CLANG_WARN_OBJC_ROOT_CLASS = YES_ERROR;
				CLANG_WARN_RANGE_LOOP_ANALYSIS = YES;
				CLANG_WARN_STRICT_PROTOTYPES = YES;
				CLANG_WARN_SUSPICIOUS_MOVE = YES;
				CLANG_WARN_UNGUARDED_AVAILABILITY = YES_AGGRESSIVE;
				CLANG_WARN_UNREACHABLE_CODE = YES;
				CLANG_WARN__DUPLICATE_METHOD_MATCH = YES;
				CODE_SIGN_IDENTITY = "iPhone Developer";
				COPY_PHASE_STRIP = NO;
				DEBUG_INFORMATION_FORMAT = dwarf;
				ENABLE_STRICT_OBJC_MSGSEND = YES;
				ENABLE_TESTABILITY = YES;
				GCC_C_LANGUAGE_STANDARD = gnu11;
				GCC_DYNAMIC_NO_PIC = NO;
				GCC_NO_COMMON_BLOCKS = YES;
				GCC_OPTIMIZATION_LEVEL = 0;
				GCC_PREPROCESSOR_DEFINITIONS = (
					"DEBUG=1",
					"$(inherited)",
				);
				GCC_WARN_64_TO_32_BIT_CONVERSION = YES;
				GCC_WARN_ABOUT_RETURN_TYPE = YES_ERROR;
				GCC_WARN_UNDECLARED_SELECTOR = YES;
				GCC_WARN_UNINITIALIZED_AUTOS = YES_AGGRESSIVE;
				GCC_WARN_UNUSED_FUNCTION = YES;
				GCC_WARN_UNUSED_VARIABLE = YES;
				IPHONEOS_DEPLOYMENT_TARGET = 12.1;
				MTL_ENABLE_DEBUG_INFO = INCLUDE_SOURCE;
				MTL_FAST_MATH = YES;
				ONLY_ACTIVE_ARCH = YES;
				SDKROOT = iphoneos;
				SWIFT_ACTIVE_COMPILATION_CONDITIONS = DEBUG;
				SWIFT_OPTIMIZATION_LEVEL = "-Onone";
			};
			name = Debug;
		};
		0B4C99882203E9FE00F9332D /* Release */ = {
			isa = XCBuildConfiguration;
			buildSettings = {
				ALWAYS_SEARCH_USER_PATHS = NO;
				CLANG_ANALYZER_NONNULL = YES;
				CLANG_ANALYZER_NUMBER_OBJECT_CONVERSION = YES_AGGRESSIVE;
				CLANG_CXX_LANGUAGE_STANDARD = "gnu++14";
				CLANG_CXX_LIBRARY = "libc++";
				CLANG_ENABLE_MODULES = YES;
				CLANG_ENABLE_OBJC_ARC = YES;
				CLANG_ENABLE_OBJC_WEAK = YES;
				CLANG_WARN_BLOCK_CAPTURE_AUTORELEASING = YES;
				CLANG_WARN_BOOL_CONVERSION = YES;
				CLANG_WARN_COMMA = YES;
				CLANG_WARN_CONSTANT_CONVERSION = YES;
				CLANG_WARN_DEPRECATED_OBJC_IMPLEMENTATIONS = YES;
				CLANG_WARN_DIRECT_OBJC_ISA_USAGE = YES_ERROR;
				CLANG_WARN_DOCUMENTATION_COMMENTS = YES;
				CLANG_WARN_EMPTY_BODY = YES;
				CLANG_WARN_ENUM_CONVERSION = YES;
				CLANG_WARN_INFINITE_RECURSION = YES;
				CLANG_WARN_INT_CONVERSION = YES;
				CLANG_WARN_NON_LITERAL_NULL_CONVERSION = YES;
				CLANG_WARN_OBJC_IMPLICIT_RETAIN_SELF = YES;
				CLANG_WARN_OBJC_LITERAL_CONVERSION = YES;
				CLANG_WARN_OBJC_ROOT_CLASS = YES_ERROR;
				CLANG_WARN_RANGE_LOOP_ANALYSIS = YES;
				CLANG_WARN_STRICT_PROTOTYPES = YES;
				CLANG_WARN_SUSPICIOUS_MOVE = YES;
				CLANG_WARN_UNGUARDED_AVAILABILITY = YES_AGGRESSIVE;
				CLANG_WARN_UNREACHABLE_CODE = YES;
				CLANG_WARN__DUPLICATE_METHOD_MATCH = YES;
				CODE_SIGN_IDENTITY = "iPhone Developer";
				COPY_PHASE_STRIP = NO;
				DEBUG_INFORMATION_FORMAT = "dwarf-with-dsym";
				ENABLE_NS_ASSERTIONS = NO;
				ENABLE_STRICT_OBJC_MSGSEND = YES;
				GCC_C_LANGUAGE_STANDARD = gnu11;
				GCC_NO_COMMON_BLOCKS = YES;
				GCC_WARN_64_TO_32_BIT_CONVERSION = YES;
				GCC_WARN_ABOUT_RETURN_TYPE = YES_ERROR;
				GCC_WARN_UNDECLARED_SELECTOR = YES;
				GCC_WARN_UNINITIALIZED_AUTOS = YES_AGGRESSIVE;
				GCC_WARN_UNUSED_FUNCTION = YES;
				GCC_WARN_UNUSED_VARIABLE = YES;
				IPHONEOS_DEPLOYMENT_TARGET = 12.1;
				MTL_ENABLE_DEBUG_INFO = NO;
				MTL_FAST_MATH = YES;
				SDKROOT = iphoneos;
				SWIFT_COMPILATION_MODE = wholemodule;
				SWIFT_OPTIMIZATION_LEVEL = "-O";
				VALIDATE_PRODUCT = YES;
			};
			name = Release;
		};
		0B4C998A2203E9FE00F9332D /* Debug */ = {
			isa = XCBuildConfiguration;
			buildSettings = {
				ASSETCATALOG_COMPILER_APPICON_NAME = AppIcon;
				CODE_SIGN_STYLE = Automatic;
				INFOPLIST_FILE = L4S_03_ItsuDareGame/Info.plist;
				LD_RUNPATH_SEARCH_PATHS = (
					"$(inherited)",
					"@executable_path/Frameworks",
				);
				PRODUCT_BUNDLE_IDENTIFIER = "com.valjapan.L4S-03-ItsuDareGame";
				PRODUCT_NAME = "$(TARGET_NAME)";
				SWIFT_VERSION = 4.2;
				TARGETED_DEVICE_FAMILY = "1,2";
			};
			name = Debug;
		};
		0B4C998B2203E9FE00F9332D /* Release */ = {
			isa = XCBuildConfiguration;
			buildSettings = {
				ASSETCATALOG_COMPILER_APPICON_NAME = AppIcon;
				CODE_SIGN_STYLE = Automatic;
				INFOPLIST_FILE = L4S_03_ItsuDareGame/Info.plist;
				LD_RUNPATH_SEARCH_PATHS = (
					"$(inherited)",
					"@executable_path/Frameworks",
				);
				PRODUCT_BUNDLE_IDENTIFIER = "com.valjapan.L4S-03-ItsuDareGame";
				PRODUCT_NAME = "$(TARGET_NAME)";
				SWIFT_VERSION = 4.2;
				TARGETED_DEVICE_FAMILY = "1,2";
			};
			name = Release;
		};
		0B4C998D2203E9FE00F9332D /* Debug */ = {
			isa = XCBuildConfiguration;
			buildSettings = {
				ALWAYS_EMBED_SWIFT_STANDARD_LIBRARIES = YES;
				BUNDLE_LOADER = "$(TEST_HOST)";
				CODE_SIGN_STYLE = Automatic;
				INFOPLIST_FILE = L4S_03_ItsuDareGameTests/Info.plist;
				LD_RUNPATH_SEARCH_PATHS = (
					"$(inherited)",
					"@executable_path/Frameworks",
					"@loader_path/Frameworks",
				);
				PRODUCT_BUNDLE_IDENTIFIER = "com.valjapan.L4S-03-ItsuDareGameTests";
				PRODUCT_NAME = "$(TARGET_NAME)";
				SWIFT_VERSION = 4.2;
				TARGETED_DEVICE_FAMILY = "1,2";
				TEST_HOST = "$(BUILT_PRODUCTS_DIR)/L4S_03_ItsuDareGame.app/L4S_03_ItsuDareGame";
			};
			name = Debug;
		};
		0B4C998E2203E9FE00F9332D /* Release */ = {
			isa = XCBuildConfiguration;
			buildSettings = {
				ALWAYS_EMBED_SWIFT_STANDARD_LIBRARIES = YES;
				BUNDLE_LOADER = "$(TEST_HOST)";
				CODE_SIGN_STYLE = Automatic;
				INFOPLIST_FILE = L4S_03_ItsuDareGameTests/Info.plist;
				LD_RUNPATH_SEARCH_PATHS = (
					"$(inherited)",
					"@executable_path/Frameworks",
					"@loader_path/Frameworks",
				);
				PRODUCT_BUNDLE_IDENTIFIER = "com.valjapan.L4S-03-ItsuDareGameTests";
				PRODUCT_NAME = "$(TARGET_NAME)";
				SWIFT_VERSION = 4.2;
				TARGETED_DEVICE_FAMILY = "1,2";
				TEST_HOST = "$(BUILT_PRODUCTS_DIR)/L4S_03_ItsuDareGame.app/L4S_03_ItsuDareGame";
			};
			name = Release;
		};
		0B4C99902203E9FE00F9332D /* Debug */ = {
			isa = XCBuildConfiguration;
			buildSettings = {
				ALWAYS_EMBED_SWIFT_STANDARD_LIBRARIES = YES;
				CODE_SIGN_STYLE = Automatic;
				INFOPLIST_FILE = L4S_03_ItsuDareGameUITests/Info.plist;
				LD_RUNPATH_SEARCH_PATHS = (
					"$(inherited)",
					"@executable_path/Frameworks",
					"@loader_path/Frameworks",
				);
				PRODUCT_BUNDLE_IDENTIFIER = "com.valjapan.L4S-03-ItsuDareGameUITests";
				PRODUCT_NAME = "$(TARGET_NAME)";
				SWIFT_VERSION = 4.2;
				TARGETED_DEVICE_FAMILY = "1,2";
				TEST_TARGET_NAME = L4S_03_ItsuDareGame;
			};
			name = Debug;
		};
		0B4C99912203E9FE00F9332D /* Release */ = {
			isa = XCBuildConfiguration;
			buildSettings = {
				ALWAYS_EMBED_SWIFT_STANDARD_LIBRARIES = YES;
				CODE_SIGN_STYLE = Automatic;
				INFOPLIST_FILE = L4S_03_ItsuDareGameUITests/Info.plist;
				LD_RUNPATH_SEARCH_PATHS = (
					"$(inherited)",
					"@executable_path/Frameworks",
					"@loader_path/Frameworks",
				);
				PRODUCT_BUNDLE_IDENTIFIER = "com.valjapan.L4S-03-ItsuDareGameUITests";
				PRODUCT_NAME = "$(TARGET_NAME)";
				SWIFT_VERSION = 4.2;
				TARGETED_DEVICE_FAMILY = "1,2";
				TEST_TARGET_NAME = L4S_03_ItsuDareGame;
			};
			name = Release;
		};
/* End XCBuildConfiguration section */

/* Begin XCConfigurationList section */
		0B4C995C2203E9FD00F9332D /* Build configuration list for PBXProject "L4S_03_ItsuDareGame" */ = {
			isa = XCConfigurationList;
			buildConfigurations = (
				0B4C99872203E9FE00F9332D /* Debug */,
				0B4C99882203E9FE00F9332D /* Release */,
			);
			defaultConfigurationIsVisible = 0;
			defaultConfigurationName = Release;
		};
		0B4C99892203E9FE00F9332D /* Build configuration list for PBXNativeTarget "L4S_03_ItsuDareGame" */ = {
			isa = XCConfigurationList;
			buildConfigurations = (
				0B4C998A2203E9FE00F9332D /* Debug */,
				0B4C998B2203E9FE00F9332D /* Release */,
			);
			defaultConfigurationIsVisible = 0;
			defaultConfigurationName = Release;
		};
		0B4C998C2203E9FE00F9332D /* Build configuration list for PBXNativeTarget "L4S_03_ItsuDareGameTests" */ = {
			isa = XCConfigurationList;
			buildConfigurations = (
				0B4C998D2203E9FE00F9332D /* Debug */,
				0B4C998E2203E9FE00F9332D /* Release */,
			);
			defaultConfigurationIsVisible = 0;
			defaultConfigurationName = Release;
		};
		0B4C998F2203E9FE00F9332D /* Build configuration list for PBXNativeTarget "L4S_03_ItsuDareGameUITests" */ = {
			isa = XCConfigurationList;
			buildConfigurations = (
				0B4C99902203E9FE00F9332D /* Debug */,
				0B4C99912203E9FE00F9332D /* Release */,
			);
			defaultConfigurationIsVisible = 0;
			defaultConfigurationName = Release;
		};
/* End XCConfigurationList section */
	};
	rootObject = 0B4C99592203E9FD00F9332D /* Project object */;
}
